
Microsoft Visual Studio Solution File, Format Version 12.00
# Visual Studio Version 16
VisualStudioVersion = 16.0.31613.86
MinimumVisualStudioVersion = 10.0.40219.1
Project("{9A19103F-16F7-4668-BE54-9A1E7A4F7556}") = "Keywords", "Keywords\Keywords.csproj", "{E27E9BB4-DAC2-44C3-A4E5-E3B98F474F64}"
EndProject
Project("{9A19103F-16F7-4668-BE54-9A1E7A4F7556}") = "HelloWorld", "..\HelloWorld\HelloWorld.csproj", "{D378BEA6-7C2A-4625-A8D2-0A0E0A33A794}"
EndProject
Global
	GlobalSection(SolutionConfigurationPlatforms) = preSolution
		Debug|Any CPU = Debug|Any CPU
		Release|Any CPU = Release|Any CPU
	EndGlobalSection
	GlobalSection(ProjectConfigurationPlatforms) = postSolution
		{E27E9BB4-DAC2-44C3-A4E5-E3B98F474F64}.Debug|Any CPU.ActiveCfg = Debug|Any CPU
		{E27E9BB4-DAC2-44C3-A4E5-E3B98F474F64}.Debug|Any CPU.Build.0 = Debug|Any CPU
		{E27E9BB4-DAC2-44C3-A4E5-E3B98F474F64}.Release|Any CPU.ActiveCfg = Release|Any CPU
		{E27E9BB4-DAC2-44C3-A4E5-E3B98F474F64}.Release|Any CPU.Build.0 = Release|Any CPU
		{D378BEA6-7C2A-4625-A8D2-0A0E0A33A794}.Debug|Any CPU.ActiveCfg = Debug|Any CPU
		{D378BEA6-7C2A-4625-A8D2-0A0E0A33A794}.Debug|Any CPU.Build.0 = Debug|Any CPU
		{D378BEA6-7C2A-4625-A8D2-0A0E0A33A794}.Release|Any CPU.ActiveCfg = Release|Any CPU
		{D378BEA6-7C2A-4625-A8D2-0A0E0A33A794}.Release|Any CPU.Build.0 = Release|Any CPU
	EndGlobalSection
	GlobalSection(SolutionProperties) = preSolution
		HideSolutionNode = FALSE
	EndGlobalSection
	GlobalSection(ExtensibilityGlobals) = postSolution
		SolutionGuid = {38FF08DF-7584-4887-ADE8-73186F98673F}
	EndGlobalSection
EndGlobal
