Microsoft Visual Studio Solution File, Format Version 12.00
Project("{9A19103F-16F7-4668-BE54-9A1E7A4F7556}") = "HelloWorld", "HelloWorld.csproj", "{7C4F380B-5B5B-4A2A-AA8E-1A61B92FFB47}"
EndProject
Global
	GlobalSection(SolutionConfigurationPlatforms) = preSolution
		Debug|Any CPU = Debug|Any CPU
		Release|Any CPU = Release|Any CPU
	EndGlobalSection
	GlobalSection(ProjectConfigurationPlatforms) = postSolution
		{7C4F380B-5B5B-4A2A-AA8E-1A61B92FFB47}.Debug|Any CPU.ActiveCfg = Debug|Any CPU
		{7C4F380B-5B5B-4A2A-AA8E-1A61B92FFB47}.Debug|Any CPU.Build.0 = Debug|Any CPU
		{7C4F380B-5B5B-4A2A-AA8E-1A61B92FFB47}.Release|Any CPU.ActiveCfg = Release|Any CPU
		{7C4F380B-5B5B-4A2A-AA8E-1A61B92FFB47}.Release|Any CPU.Build.0 = Release|Any CPU
	EndGlobalSection
	GlobalSection(SolutionProperties) = preSolution
		HideSolutionNode = FALSE
	EndGlobalSection
	GlobalSection(ExtensibilityGlobals) = postSolution
		SolutionGuid = {578A88DD-4726-41BF-AAC0-EFD8A8C7CD9B}
	EndGlobalSection
EndGlobal
